
Microsoft Visual Studio Solution File, Format Version 12.00
# Visual Studio Version 17
VisualStudioVersion = 17.7.34031.279
MinimumVisualStudioVersion = 10.0.40219.1
Project("{FAE04EC0-301F-11D3-BF4B-00C04F79EFBC}") = "BookManagement2", "BookManagement2.csproj", "{780B34AF-CA6B-44D5-BCC0-6279BE5E3E7B}"
EndProject
Global
	GlobalSection(SolutionConfigurationPlatforms) = preSolution
		Debug|Any CPU = Debug|Any CPU
		Release|Any CPU = Release|Any CPU
	EndGlobalSection
	GlobalSection(ProjectConfigurationPlatforms) = postSolution
		{780B34AF-CA6B-44D5-BCC0-6279BE5E3E7B}.Debug|Any CPU.ActiveCfg = Debug|Any CPU
		{780B34AF-CA6B-44D5-BCC0-6279BE5E3E7B}.Debug|Any CPU.Build.0 = Debug|Any CPU
		{780B34AF-CA6B-44D5-BCC0-6279BE5E3E7B}.Release|Any CPU.ActiveCfg = Release|Any CPU
		{780B34AF-CA6B-44D5-BCC0-6279BE5E3E7B}.Release|Any CPU.Build.0 = Release|Any CPU
	EndGlobalSection
	GlobalSection(SolutionProperties) = preSolution
		HideSolutionNode = FALSE
	EndGlobalSection
	GlobalSection(ExtensibilityGlobals) = postSolution
		SolutionGuid = {03EA4688-C67A-4242-8DA6-5B600024C463}
	EndGlobalSection
EndGlobal
